<?xml version="1.0" encoding="UTF-8"?>
<CONFIG>
  <ProjectOptions>
    <Version Value="9"/>
    <General>
      <Flags>
        <SaveOnlyProjectUnits Value="True"/>
        <MainUnitHasUsesSectionForAllUnits Value="False"/>
        <MainUnitHasCreateFormStatements Value="False"/>
        <MainUnitHasTitleStatement Value="False"/>
        <AlwaysBuild Value="True"/>
        <UseDesignTimePackages Value="True"/>
        <SaveJumpHistory Value="False"/>
        <SaveFoldState Value="False"/>
      </Flags>
      <MainUnit Value="0"/>
      <Title Value="Gulp"/>
      <UseAppBundle Value="False"/>
    </General>
    <i18n>
      <EnableI18N LFM="False"/>
    </i18n>
    <VersionInfo>
      <StringTable ProductVersion=""/>
    </VersionInfo>
    <BuildModes Count="1" Active="Release">
      <Item1 Name="Release" Default="True"/>
    </BuildModes>
    <PublishOptions>
      <Version Value="2"/>
      <IgnoreBinaries Value="False"/>
    </PublishOptions>
    <RunParams>
      <local>
        <FormatVersion Value="1"/>
        <CommandLineParams Value="-p pop.g2"/>
        <WorkingDirectory Value="/home/quacquero/Repositories"/>
        <Display Use="True"/>
      </local>
    </RunParams>
    <Units Count="8">
      <Unit0>
        <Filename Value="src/gulp.pas"/>
        <IsPartOfProject Value="True"/>
        <TopLine Value="94"/>
        <CursorPos X="30" Y="112"/>
        <UsageCount Value="200"/>
        <Loaded Value="True"/>
      </Unit0>
      <Unit1>
        <Filename Value="src/gulplibrary.pas"/>
        <IsPartOfProject Value="True"/>
        <IsVisibleTab Value="True"/>
        <EditorIndex Value="1"/>
        <TopLine Value="851"/>
        <CursorPos X="36" Y="866"/>
        <UsageCount Value="85"/>
        <Loaded Value="True"/>
      </Unit1>
      <Unit2>
        <Filename Value="src/gulpmessages.pas"/>
        <IsPartOfProject Value="True"/>
        <EditorIndex Value="-1"/>
        <TopLine Value="41"/>
        <CursorPos X="31" Y="70"/>
        <UsageCount Value="85"/>
      </Unit2>
      <Unit3>
        <Filename Value="src/gulpcommon.pas"/>
        <IsPartOfProject Value="True"/>
        <EditorIndex Value="-1"/>
        <TopLine Value="51"/>
        <CursorPos X="10" Y="51"/>
        <UsageCount Value="85"/>
      </Unit3>
      <Unit4>
        <Filename Value="src/gulpfixes.pas"/>
        <IsPartOfProject Value="True"/>
        <EditorIndex Value="-1"/>
        <CursorPos Y="5"/>
        <UsageCount Value="85"/>
      </Unit4>
      <Unit5>
        <Filename Value="src/gulpscanner.pas"/>
        <IsPartOfProject Value="True"/>
        <EditorIndex Value="-1"/>
        <TopLine Value="79"/>
        <CursorPos X="59" Y="88"/>
        <UsageCount Value="85"/>
      </Unit5>
      <Unit6>
        <Filename Value="src/gulpcommandline.pas"/>
        <IsPartOfProject Value="True"/>
        <EditorIndex Value="-1"/>
        <TopLine Value="78"/>
        <CursorPos X="12" Y="90"/>
        <UsageCount Value="85"/>
      </Unit6>
      <Unit7>
        <Filename Value="src/gulplist.pas"/>
        <IsPartOfProject Value="True"/>
        <EditorIndex Value="-1"/>
        <CursorPos X="23" Y="28"/>
        <UsageCount Value="85"/>
      </Unit7>
    </Units>
  </ProjectOptions>
  <CompilerOptions>
    <Version Value="11"/>
    <Target>
      <Filename Value="build/$(TargetCPU)-$(TargetOS)/bin/gulp"/>
    </Target>
    <SearchPaths>
      <IncludeFiles Value="$(ProjOutDir)"/>
      <OtherUnitFiles Value="src;../bcm"/>
      <UnitOutputDirectory Value="build/$(TargetCPU)-$(TargetOS)/lib"/>
    </SearchPaths>
    <Parsing>
      <SyntaxOptions>
        <CStyleOperator Value="False"/>
        <AllowLabel Value="False"/>
        <CPPInline Value="False"/>
      </SyntaxOptions>
    </Parsing>
    <CodeGeneration>
      <SmartLinkUnit Value="True"/>
      <Optimizations>
        <OptimizationLevel Value="4"/>
      </Optimizations>
    </CodeGeneration>
    <Linking>
      <Debugging>
        <GenerateDebugInfo Value="False"/>
        <UseLineInfoUnit Value="False"/>
      </Debugging>
      <LinkSmart Value="True"/>
    </Linking>
    <Other>
      <Verbosity>
        <ShoLineNum Value="True"/>
      </Verbosity>
      <WriteFPCLogo Value="False"/>
    </Other>
  </CompilerOptions>
  <Debugging>
    <Exceptions Count="3">
      <Item1>
        <Name Value="EAbort"/>
      </Item1>
      <Item2>
        <Name Value="ECodetoolError"/>
      </Item2>
      <Item3>
        <Name Value="EFOpenError"/>
      </Item3>
    </Exceptions>
  </Debugging>
</CONFIG>
